
Microsoft Visual Studio Solution File, Format Version 12.00
# Visual Studio 15
VisualStudioVersion = 15.0.26124.0
MinimumVisualStudioVersion = 15.0.26124.0
Project("{FAE04EC0-301F-11D3-BF4B-00C04F79EFBC}") = "API", "API\API.csproj", "{FA69475D-9070-4276-BDF7-5B9D1AB8A951}"
EndProject
Project("{FAE04EC0-301F-11D3-BF4B-00C04F79EFBC}") = "Core", "Core\Core.csproj", "{25AF5040-9DBF-4869-83AC-75000ABD0B3E}"
EndProject
Project("{FAE04EC0-301F-11D3-BF4B-00C04F79EFBC}") = "Infrastructure", "Infrastructure\Infrastructure.csproj", "{51F858B2-698F-49BF-83D0-394D6B06C552}"
EndProject
Global
	GlobalSection(SolutionConfigurationPlatforms) = preSolution
		Debug|Any CPU = Debug|Any CPU
		Debug|x64 = Debug|x64
		Debug|x86 = Debug|x86
		Release|Any CPU = Release|Any CPU
		Release|x64 = Release|x64
		Release|x86 = Release|x86
	EndGlobalSection
	GlobalSection(SolutionProperties) = preSolution
		HideSolutionNode = FALSE
	EndGlobalSection
	GlobalSection(ProjectConfigurationPlatforms) = postSolution
		{FA69475D-9070-4276-BDF7-5B9D1AB8A951}.Debug|Any CPU.ActiveCfg = Debug|Any CPU
		{FA69475D-9070-4276-BDF7-5B9D1AB8A951}.Debug|Any CPU.Build.0 = Debug|Any CPU
		{FA69475D-9070-4276-BDF7-5B9D1AB8A951}.Debug|x64.ActiveCfg = Debug|Any CPU
		{FA69475D-9070-4276-BDF7-5B9D1AB8A951}.Debug|x64.Build.0 = Debug|Any CPU
		{FA69475D-9070-4276-BDF7-5B9D1AB8A951}.Debug|x86.ActiveCfg = Debug|Any CPU
		{FA69475D-9070-4276-BDF7-5B9D1AB8A951}.Debug|x86.Build.0 = Debug|Any CPU
		{FA69475D-9070-4276-BDF7-5B9D1AB8A951}.Release|Any CPU.ActiveCfg = Release|Any CPU
		{FA69475D-9070-4276-BDF7-5B9D1AB8A951}.Release|Any CPU.Build.0 = Release|Any CPU
		{FA69475D-9070-4276-BDF7-5B9D1AB8A951}.Release|x64.ActiveCfg = Release|Any CPU
		{FA69475D-9070-4276-BDF7-5B9D1AB8A951}.Release|x64.Build.0 = Release|Any CPU
		{FA69475D-9070-4276-BDF7-5B9D1AB8A951}.Release|x86.ActiveCfg = Release|Any CPU
		{FA69475D-9070-4276-BDF7-5B9D1AB8A951}.Release|x86.Build.0 = Release|Any CPU
		{25AF5040-9DBF-4869-83AC-75000ABD0B3E}.Debug|Any CPU.ActiveCfg = Debug|Any CPU
		{25AF5040-9DBF-4869-83AC-75000ABD0B3E}.Debug|Any CPU.Build.0 = Debug|Any CPU
		{25AF5040-9DBF-4869-83AC-75000ABD0B3E}.Debug|x64.ActiveCfg = Debug|Any CPU
		{25AF5040-9DBF-4869-83AC-75000ABD0B3E}.Debug|x64.Build.0 = Debug|Any CPU
		{25AF5040-9DBF-4869-83AC-75000ABD0B3E}.Debug|x86.ActiveCfg = Debug|Any CPU
		{25AF5040-9DBF-4869-83AC-75000ABD0B3E}.Debug|x86.Build.0 = Debug|Any CPU
		{25AF5040-9DBF-4869-83AC-75000ABD0B3E}.Release|Any CPU.ActiveCfg = Release|Any CPU
		{25AF5040-9DBF-4869-83AC-75000ABD0B3E}.Release|Any CPU.Build.0 = Release|Any CPU
		{25AF5040-9DBF-4869-83AC-75000ABD0B3E}.Release|x64.ActiveCfg = Release|Any CPU
		{25AF5040-9DBF-4869-83AC-75000ABD0B3E}.Release|x64.Build.0 = Release|Any CPU
		{25AF5040-9DBF-4869-83AC-75000ABD0B3E}.Release|x86.ActiveCfg = Release|Any CPU
		{25AF5040-9DBF-4869-83AC-75000ABD0B3E}.Release|x86.Build.0 = Release|Any CPU
		{51F858B2-698F-49BF-83D0-394D6B06C552}.Debug|Any CPU.ActiveCfg = Debug|Any CPU
		{51F858B2-698F-49BF-83D0-394D6B06C552}.Debug|Any CPU.Build.0 = Debug|Any CPU
		{51F858B2-698F-49BF-83D0-394D6B06C552}.Debug|x64.ActiveCfg = Debug|Any CPU
		{51F858B2-698F-49BF-83D0-394D6B06C552}.Debug|x64.Build.0 = Debug|Any CPU
		{51F858B2-698F-49BF-83D0-394D6B06C552}.Debug|x86.ActiveCfg = Debug|Any CPU
		{51F858B2-698F-49BF-83D0-394D6B06C552}.Debug|x86.Build.0 = Debug|Any CPU
		{51F858B2-698F-49BF-83D0-394D6B06C552}.Release|Any CPU.ActiveCfg = Release|Any CPU
		{51F858B2-698F-49BF-83D0-394D6B06C552}.Release|Any CPU.Build.0 = Release|Any CPU
		{51F858B2-698F-49BF-83D0-394D6B06C552}.Release|x64.ActiveCfg = Release|Any CPU
		{51F858B2-698F-49BF-83D0-394D6B06C552}.Release|x64.Build.0 = Release|Any CPU
		{51F858B2-698F-49BF-83D0-394D6B06C552}.Release|x86.ActiveCfg = Release|Any CPU
		{51F858B2-698F-49BF-83D0-394D6B06C552}.Release|x86.Build.0 = Release|Any CPU
	EndGlobalSection
EndGlobal
